
Microsoft Visual Studio Solution File, Format Version 12.00
# Visual Studio 15
Project("{FAE04EC0-301F-11D3-BF4B-00C04F79EFBC}") = "Assembly-CSharp", "Assembly-CSharp.csproj", "{A9198375-7F7D-4818-E40C-780F979B9889}"
EndProject
Project("{FAE04EC0-301F-11D3-BF4B-00C04F79EFBC}") = "Assembly-CSharp", "Assembly-CSharp.Player.csproj", "{67E23B02-4445-C82F-075F-7F9447559037}"
EndProject
Global
	GlobalSection(SolutionConfigurationPlatforms) = preSolution
		Debug|Any CPU = Debug|Any CPU
		Release|Any CPU = Release|Any CPU
	EndGlobalSection
	GlobalSection(ProjectConfigurationPlatforms) = postSolution
		{A9198375-7F7D-4818-E40C-780F979B9889}.Debug|Any CPU.ActiveCfg = Debug|Any CPU
		{A9198375-7F7D-4818-E40C-780F979B9889}.Debug|Any CPU.Build.0 = Debug|Any CPU
		{A9198375-7F7D-4818-E40C-780F979B9889}.Release|Any CPU.ActiveCfg = Release|Any CPU
		{A9198375-7F7D-4818-E40C-780F979B9889}.Release|Any CPU.Build.0 = Release|Any CPU
		{67E23B02-4445-C82F-075F-7F9447559037}.Debug|Any CPU.ActiveCfg = Debug|Any CPU
		{67E23B02-4445-C82F-075F-7F9447559037}.Debug|Any CPU.Build.0 = Debug|Any CPU
		{67E23B02-4445-C82F-075F-7F9447559037}.Release|Any CPU.ActiveCfg = Release|Any CPU
		{67E23B02-4445-C82F-075F-7F9447559037}.Release|Any CPU.Build.0 = Release|Any CPU
	EndGlobalSection
	GlobalSection(SolutionProperties) = preSolution
		HideSolutionNode = FALSE
	EndGlobalSection
EndGlobal
